// !$*UTF8*$!
{
	archiveVersion = 1;
	classes = {
	};
	objectVersion = 46;
	objects = {

/* Begin PBXBuildFile section */
		402037021F25674C005BC02B /* Dictionary+EMUtils.swift in Sources */ = {isa = PBXBuildFile; fileRef = 402037011F25674C005BC02B /* Dictionary+EMUtils.swift */; };
		4020370A1F256911005BC02B /* Dictionary+EMUtilsTests.swift in Sources */ = {isa = PBXBuildFile; fileRef = 402037091F256911005BC02B /* Dictionary+EMUtilsTests.swift */; };
		4020370B1F256980005BC02B /* Dictionary+EMUtils.swift in Sources */ = {isa = PBXBuildFile; fileRef = 402037011F25674C005BC02B /* Dictionary+EMUtils.swift */; };
		402BA6901EB1C01200E35176 /* String+EMUtils.swift in Sources */ = {isa = PBXBuildFile; fileRef = 402BA68F1EB1C01200E35176 /* String+EMUtils.swift */; };
		402F6AF61F58B0F500E96EA9 /* UUID+EMUtils.swift in Sources */ = {isa = PBXBuildFile; fileRef = 402F6AF51F58B0F500E96EA9 /* UUID+EMUtils.swift */; };
		402F6AF71F58B0F500E96EA9 /* UUID+EMUtils.swift in Sources */ = {isa = PBXBuildFile; fileRef = 402F6AF51F58B0F500E96EA9 /* UUID+EMUtils.swift */; };
		402F6AFF1F58B1F500E96EA9 /* Data+EMUtils.swift in Sources */ = {isa = PBXBuildFile; fileRef = 402F6AFE1F58B1F500E96EA9 /* Data+EMUtils.swift */; };
		402F6B001F58B1F500E96EA9 /* Data+EMUtils.swift in Sources */ = {isa = PBXBuildFile; fileRef = 402F6AFE1F58B1F500E96EA9 /* Data+EMUtils.swift */; };
		405AC9021EBFF73A00E7227A /* AVCaptureView.swift in Sources */ = {isa = PBXBuildFile; fileRef = 405AC9011EBFF73A00E7227A /* AVCaptureView.swift */; };
		405AC90D1EBFFBCF00E7227A /* AVCaptureVisualEffectView.swift in Sources */ = {isa = PBXBuildFile; fileRef = 405AC90C1EBFFBCF00E7227A /* AVCaptureVisualEffectView.swift */; };
		405AC9171EC01A2400E7227A /* EMUtils-Bridging-Header.h in Headers */ = {isa = PBXBuildFile; fileRef = 407D198A1CC2BDA600C102D5 /* EMUtils-Bridging-Header.h */; settings = {ATTRIBUTES = (Public, ); }; };
		405AC91A1EC0209B00E7227A /* UIImage+EMUtils.swift in Sources */ = {isa = PBXBuildFile; fileRef = 405AC9191EC0209B00E7227A /* UIImage+EMUtils.swift */; };
		405AC9551EC067B500E7227A /* UIWindow+EMUtils.swift in Sources */ = {isa = PBXBuildFile; fileRef = 405AC9541EC067B500E7227A /* UIWindow+EMUtils.swift */; };
		405BB19A1CCAB0F800736787 /* UITableViewCell+EMUtils.swift in Sources */ = {isa = PBXBuildFile; fileRef = 405BB1991CCAB0F800736787 /* UITableViewCell+EMUtils.swift */; };
		405BB1A91CCAC30A00736787 /* compile-colors.sh in Resources */ = {isa = PBXBuildFile; fileRef = 405BB1A81CCAC30A00736787 /* compile-colors.sh */; };
		4072CB221F8CA8C60008BE2B /* EMTestCaseBase.swift in Sources */ = {isa = PBXBuildFile; fileRef = 407D19801CC2B78C00C102D5 /* EMTestCaseBase.swift */; };
		4072CB231F8CA8C60008BE2B /* EMJUnitTestObserver.swift in Sources */ = {isa = PBXBuildFile; fileRef = 40BF49B61CC1CC4A00BF6D82 /* EMJUnitTestObserver.swift */; };
		4072CB2F1F8CAB370008BE2B /* EMUtils.framework in Frameworks */ = {isa = PBXBuildFile; fileRef = 40C9B9511E636B2700DC9ED8 /* EMUtils.framework */; };
		4072CB341F8CAC720008BE2B /* NSDate+EMUtils.swift in Sources */ = {isa = PBXBuildFile; fileRef = 407D19831CC2BBB100C102D5 /* NSDate+EMUtils.swift */; };
		4072CB351F8CAC870008BE2B /* NSDate+ISO8601.h in Headers */ = {isa = PBXBuildFile; fileRef = 407D19851CC2BC2F00C102D5 /* NSDate+ISO8601.h */; };
		4072CB361F8CAC8F0008BE2B /* NSDate+ISO8601.m in Sources */ = {isa = PBXBuildFile; fileRef = 407D19861CC2BC2F00C102D5 /* NSDate+ISO8601.m */; };
		4072CB371F8CACF60008BE2B /* CBLParseDate.c in Sources */ = {isa = PBXBuildFile; fileRef = 407D198C1CC37E5200C102D5 /* CBLParseDate.c */; };
		4072CB381F8CACFA0008BE2B /* CBLParseDate.h in Headers */ = {isa = PBXBuildFile; fileRef = 407D198D1CC37E5200C102D5 /* CBLParseDate.h */; };
		407D19751CC2322400C102D5 /* Enumerate.swift in Sources */ = {isa = PBXBuildFile; fileRef = 407D19741CC2322400C102D5 /* Enumerate.swift */; };
		407D19761CC23C8000C102D5 /* EMUtils.framework in Frameworks */ = {isa = PBXBuildFile; fileRef = 40BF497C1CC1C77800BF6D82 /* EMUtils.framework */; };
		407D197B1CC23CE900C102D5 /* EnumerateTests.swift in Sources */ = {isa = PBXBuildFile; fileRef = 407D197A1CC23CE900C102D5 /* EnumerateTests.swift */; };
		407D197D1CC2B72900C102D5 /* EMUtilsTestBase.framework in Frameworks */ = {isa = PBXBuildFile; fileRef = 40BF49BF1CC1CE3900BF6D82 /* EMUtilsTestBase.framework */; };
		407D19811CC2B78C00C102D5 /* EMTestCaseBase.swift in Sources */ = {isa = PBXBuildFile; fileRef = 407D19801CC2B78C00C102D5 /* EMTestCaseBase.swift */; };
		407D19841CC2BBB100C102D5 /* NSDate+EMUtils.swift in Sources */ = {isa = PBXBuildFile; fileRef = 407D19831CC2BBB100C102D5 /* NSDate+EMUtils.swift */; };
		407D19871CC2BC2F00C102D5 /* NSDate+ISO8601.h in Headers */ = {isa = PBXBuildFile; fileRef = 407D19851CC2BC2F00C102D5 /* NSDate+ISO8601.h */; };
		407D19881CC2BC2F00C102D5 /* NSDate+ISO8601.m in Sources */ = {isa = PBXBuildFile; fileRef = 407D19861CC2BC2F00C102D5 /* NSDate+ISO8601.m */; };
		407D198E1CC37E5200C102D5 /* CBLParseDate.c in Sources */ = {isa = PBXBuildFile; fileRef = 407D198C1CC37E5200C102D5 /* CBLParseDate.c */; };
		407D198F1CC37E5200C102D5 /* CBLParseDate.h in Headers */ = {isa = PBXBuildFile; fileRef = 407D198D1CC37E5200C102D5 /* CBLParseDate.h */; };
		407D19911CC3806600C102D5 /* NSDate+EMUtilsTests.swift in Sources */ = {isa = PBXBuildFile; fileRef = 407D19901CC3806600C102D5 /* NSDate+EMUtilsTests.swift */; };
		40BF49871CC1C77900BF6D82 /* EMUtils.framework in Frameworks */ = {isa = PBXBuildFile; fileRef = 40BF497C1CC1C77800BF6D82 /* EMUtils.framework */; };
		40BF49991CC1C7F100BF6D82 /* Reflection.swift in Sources */ = {isa = PBXBuildFile; fileRef = 40BF49981CC1C7F100BF6D82 /* Reflection.swift */; };
		40BF49A51CC1CA0B00BF6D82 /* UIView+EMUtils.swift in Sources */ = {isa = PBXBuildFile; fileRef = 40BF49A41CC1CA0B00BF6D82 /* UIView+EMUtils.swift */; };
		40BF49A71CC1CA4400BF6D82 /* UIViewController+EMUtils.swift in Sources */ = {isa = PBXBuildFile; fileRef = 40BF49A61CC1CA4400BF6D82 /* UIViewController+EMUtils.swift */; };
		40BF49C71CC1D10C00BF6D82 /* EMJUnitTestObserver.swift in Sources */ = {isa = PBXBuildFile; fileRef = 40BF49B61CC1CC4A00BF6D82 /* EMJUnitTestObserver.swift */; };
		40C004B31E6AAE0E009CCFBA /* UnownedWrapper.swift in Sources */ = {isa = PBXBuildFile; fileRef = 40C004B21E6AAE0E009CCFBA /* UnownedWrapper.swift */; };
		40C004B41E6AAE0E009CCFBA /* UnownedWrapper.swift in Sources */ = {isa = PBXBuildFile; fileRef = 40C004B21E6AAE0E009CCFBA /* UnownedWrapper.swift */; };
		40C004BF1E6AAEAE009CCFBA /* Enumerate.swift in Sources */ = {isa = PBXBuildFile; fileRef = 407D19741CC2322400C102D5 /* Enumerate.swift */; };
		40C004C61E6AAEB2009CCFBA /* Reflection.swift in Sources */ = {isa = PBXBuildFile; fileRef = 40BF49981CC1C7F100BF6D82 /* Reflection.swift */; };
		40C1FFE51E639E7300AFF3FD /* WeakWrapper.swift in Sources */ = {isa = PBXBuildFile; fileRef = 40C1FFE41E639E7300AFF3FD /* WeakWrapper.swift */; };
		40C1FFE61E639E7A00AFF3FD /* WeakWrapper.swift in Sources */ = {isa = PBXBuildFile; fileRef = 40C1FFE41E639E7300AFF3FD /* WeakWrapper.swift */; };
		40C6F1521EDFE25300D64928 /* String+EMUtilsTests.swift in Sources */ = {isa = PBXBuildFile; fileRef = 40C6F1511EDFE25300D64928 /* String+EMUtilsTests.swift */; };
		40C6F1591EDFF90900D64928 /* String+EMUtils.swift in Sources */ = {isa = PBXBuildFile; fileRef = 402BA68F1EB1C01200E35176 /* String+EMUtils.swift */; };
		40F8B6111F58C3DA0020F99B /* UUID+EMUtilsTests.swift in Sources */ = {isa = PBXBuildFile; fileRef = 40F8B6101F58C3DA0020F99B /* UUID+EMUtilsTests.swift */; };
		40F8B6231F59F5EB0020F99B /* Optional+EMUtils.swift in Sources */ = {isa = PBXBuildFile; fileRef = 40F8B6221F59F5EB0020F99B /* Optional+EMUtils.swift */; };
		40F8B6241F59F5EB0020F99B /* Optional+EMUtils.swift in Sources */ = {isa = PBXBuildFile; fileRef = 40F8B6221F59F5EB0020F99B /* Optional+EMUtils.swift */; };
/* End PBXBuildFile section */

/* Begin PBXContainerItemProxy section */
		4072CB301F8CAC370008BE2B /* PBXContainerItemProxy */ = {
			isa = PBXContainerItemProxy;
			containerPortal = 40C1FFE71E63A29300AFF3FD /* AEXML.xcodeproj */;
			proxyType = 1;
			remoteGlobalIDString = 8B4A92891BDD49390011F36F;
			remoteInfo = "AEXML OSX";
		};
		4072CB321F8CAC3B0008BE2B /* PBXContainerItemProxy */ = {
			isa = PBXContainerItemProxy;
			containerPortal = 40BF49731CC1C77800BF6D82 /* Project object */;
			proxyType = 1;
			remoteGlobalIDString = 40C9B9501E636B2700DC9ED8;
			remoteInfo = "EMUtils macOS";
		};
		407D19771CC23C8A00C102D5 /* PBXContainerItemProxy */ = {
			isa = PBXContainerItemProxy;
			containerPortal = 40BF49731CC1C77800BF6D82 /* Project object */;
			proxyType = 1;
			remoteGlobalIDString = 40BF497B1CC1C77800BF6D82;
			remoteInfo = EMUtils;
		};
		407D197E1CC2B73200C102D5 /* PBXContainerItemProxy */ = {
			isa = PBXContainerItemProxy;
			containerPortal = 40BF49731CC1C77800BF6D82 /* Project object */;
			proxyType = 1;
			remoteGlobalIDString = 40BF49BE1CC1CE3900BF6D82;
			remoteInfo = EMUtilsTestBase;
		};
		40BF49881CC1C77900BF6D82 /* PBXContainerItemProxy */ = {
			isa = PBXContainerItemProxy;
			containerPortal = 40BF49731CC1C77800BF6D82 /* Project object */;
			proxyType = 1;
			remoteGlobalIDString = 40BF497B1CC1C77800BF6D82;
			remoteInfo = EMUtils;
		};
		40C1FFF11E63A29300AFF3FD /* PBXContainerItemProxy */ = {
			isa = PBXContainerItemProxy;
			containerPortal = 40C1FFE71E63A29300AFF3FD /* AEXML.xcodeproj */;
			proxyType = 2;
			remoteGlobalIDString = 8B4A92791BDD47210011F36F;
			remoteInfo = "AEXML iOS";
		};
		40C1FFF31E63A29300AFF3FD /* PBXContainerItemProxy */ = {
			isa = PBXContainerItemProxy;
			containerPortal = 40C1FFE71E63A29300AFF3FD /* AEXML.xcodeproj */;
			proxyType = 2;
			remoteGlobalIDString = 8B4A92DF1BDD5D330011F36F;
			remoteInfo = "AEXML watchOS";
		};
		40C1FFF51E63A29300AFF3FD /* PBXContainerItemProxy */ = {
			isa = PBXContainerItemProxy;
			containerPortal = 40C1FFE71E63A29300AFF3FD /* AEXML.xcodeproj */;
			proxyType = 2;
			remoteGlobalIDString = 8B4A92991BDD4CEF0011F36F;
			remoteInfo = "AEXML iOS Tests";
		};
		40C1FFF71E63A29300AFF3FD /* PBXContainerItemProxy */ = {
			isa = PBXContainerItemProxy;
			containerPortal = 40C1FFE71E63A29300AFF3FD /* AEXML.xcodeproj */;
			proxyType = 2;
			remoteGlobalIDString = 8B4A92BE1BDD5B300011F36F;
			remoteInfo = "AEXML tvOS";
		};
		40C1FFF91E63A29300AFF3FD /* PBXContainerItemProxy */ = {
			isa = PBXContainerItemProxy;
			containerPortal = 40C1FFE71E63A29300AFF3FD /* AEXML.xcodeproj */;
			proxyType = 2;
			remoteGlobalIDString = 8B4A92CC1BDD5BB20011F36F;
			remoteInfo = "AEXML tvOS Tests";
		};
		40C1FFFB1E63A29300AFF3FD /* PBXContainerItemProxy */ = {
			isa = PBXContainerItemProxy;
			containerPortal = 40C1FFE71E63A29300AFF3FD /* AEXML.xcodeproj */;
			proxyType = 2;
			remoteGlobalIDString = 8B4A928A1BDD49390011F36F;
			remoteInfo = "AEXML OSX";
		};
		40C1FFFD1E63A29300AFF3FD /* PBXContainerItemProxy */ = {
			isa = PBXContainerItemProxy;
			containerPortal = 40C1FFE71E63A29300AFF3FD /* AEXML.xcodeproj */;
			proxyType = 2;
			remoteGlobalIDString = 8B4A92AB1BDD54F50011F36F;
			remoteInfo = "AEXML OSX Tests";
		};
		40C1FFFF1E63A2AB00AFF3FD /* PBXContainerItemProxy */ = {
			isa = PBXContainerItemProxy;
			containerPortal = 40C1FFE71E63A29300AFF3FD /* AEXML.xcodeproj */;
			proxyType = 1;
			remoteGlobalIDString = 8B4A92781BDD47210011F36F;
			remoteInfo = "AEXML iOS";
		};
/* End PBXContainerItemProxy section */

/* Begin PBXFileReference section */
		402037011F25674C005BC02B /* Dictionary+EMUtils.swift */ = {isa = PBXFileReference; fileEncoding = 4; lastKnownFileType = sourcecode.swift; path = "Dictionary+EMUtils.swift"; sourceTree = "<group>"; };
		402037091F256911005BC02B /* Dictionary+EMUtilsTests.swift */ = {isa = PBXFileReference; fileEncoding = 4; lastKnownFileType = sourcecode.swift; path = "Dictionary+EMUtilsTests.swift"; sourceTree = "<group>"; };
		402BA68F1EB1C01200E35176 /* String+EMUtils.swift */ = {isa = PBXFileReference; fileEncoding = 4; lastKnownFileType = sourcecode.swift; path = "String+EMUtils.swift"; sourceTree = "<group>"; };
		402F6AF51F58B0F500E96EA9 /* UUID+EMUtils.swift */ = {isa = PBXFileReference; fileEncoding = 4; lastKnownFileType = sourcecode.swift; path = "UUID+EMUtils.swift"; sourceTree = "<group>"; };
		402F6AFE1F58B1F500E96EA9 /* Data+EMUtils.swift */ = {isa = PBXFileReference; fileEncoding = 4; lastKnownFileType = sourcecode.swift; path = "Data+EMUtils.swift"; sourceTree = "<group>"; };
		405AC9011EBFF73A00E7227A /* AVCaptureView.swift */ = {isa = PBXFileReference; fileEncoding = 4; lastKnownFileType = sourcecode.swift; path = AVCaptureView.swift; sourceTree = "<group>"; };
		405AC90C1EBFFBCF00E7227A /* AVCaptureVisualEffectView.swift */ = {isa = PBXFileReference; fileEncoding = 4; lastKnownFileType = sourcecode.swift; path = AVCaptureVisualEffectView.swift; sourceTree = "<group>"; };
		405AC9191EC0209B00E7227A /* UIImage+EMUtils.swift */ = {isa = PBXFileReference; fileEncoding = 4; lastKnownFileType = sourcecode.swift; path = "UIImage+EMUtils.swift"; sourceTree = "<group>"; };
		405AC9541EC067B500E7227A /* UIWindow+EMUtils.swift */ = {isa = PBXFileReference; fileEncoding = 4; lastKnownFileType = sourcecode.swift; path = "UIWindow+EMUtils.swift"; sourceTree = "<group>"; };
		405BB1991CCAB0F800736787 /* UITableViewCell+EMUtils.swift */ = {isa = PBXFileReference; fileEncoding = 4; lastKnownFileType = sourcecode.swift; path = "UITableViewCell+EMUtils.swift"; sourceTree = "<group>"; };
		405BB1A81CCAC30A00736787 /* compile-colors.sh */ = {isa = PBXFileReference; fileEncoding = 4; lastKnownFileType = text.script.sh; path = "compile-colors.sh"; sourceTree = "<group>"; };
		4072CB2B1F8CA8C60008BE2B /* EMUtilsTestBase.framework */ = {isa = PBXFileReference; explicitFileType = wrapper.framework; includeInIndex = 0; path = EMUtilsTestBase.framework; sourceTree = BUILT_PRODUCTS_DIR; };
		407D19741CC2322400C102D5 /* Enumerate.swift */ = {isa = PBXFileReference; fileEncoding = 4; lastKnownFileType = sourcecode.swift; path = Enumerate.swift; sourceTree = "<group>"; };
		407D19791CC23CE900C102D5 /* EMUtilsTests-Bridging-Header.h */ = {isa = PBXFileReference; lastKnownFileType = sourcecode.c.h; path = "EMUtilsTests-Bridging-Header.h"; sourceTree = "<group>"; };
		407D197A1CC23CE900C102D5 /* EnumerateTests.swift */ = {isa = PBXFileReference; fileEncoding = 4; lastKnownFileType = sourcecode.swift; path = EnumerateTests.swift; sourceTree = "<group>"; };
		407D19801CC2B78C00C102D5 /* EMTestCaseBase.swift */ = {isa = PBXFileReference; fileEncoding = 4; lastKnownFileType = sourcecode.swift; path = EMTestCaseBase.swift; sourceTree = "<group>"; };
		407D19831CC2BBB100C102D5 /* NSDate+EMUtils.swift */ = {isa = PBXFileReference; fileEncoding = 4; lastKnownFileType = sourcecode.swift; path = "NSDate+EMUtils.swift"; sourceTree = "<group>"; };
		407D19851CC2BC2F00C102D5 /* NSDate+ISO8601.h */ = {isa = PBXFileReference; fileEncoding = 4; lastKnownFileType = sourcecode.c.h; path = "NSDate+ISO8601.h"; sourceTree = "<group>"; };
		407D19861CC2BC2F00C102D5 /* NSDate+ISO8601.m */ = {isa = PBXFileReference; fileEncoding = 4; lastKnownFileType = sourcecode.c.objc; path = "NSDate+ISO8601.m"; sourceTree = "<group>"; };
		407D198A1CC2BDA600C102D5 /* EMUtils-Bridging-Header.h */ = {isa = PBXFileReference; lastKnownFileType = sourcecode.c.h; path = "EMUtils-Bridging-Header.h"; sourceTree = "<group>"; };
		407D198C1CC37E5200C102D5 /* CBLParseDate.c */ = {isa = PBXFileReference; fileEncoding = 4; lastKnownFileType = sourcecode.c.c; path = CBLParseDate.c; sourceTree = "<group>"; };
		407D198D1CC37E5200C102D5 /* CBLParseDate.h */ = {isa = PBXFileReference; fileEncoding = 4; lastKnownFileType = sourcecode.c.h; path = CBLParseDate.h; sourceTree = "<group>"; };
		407D19901CC3806600C102D5 /* NSDate+EMUtilsTests.swift */ = {isa = PBXFileReference; fileEncoding = 4; lastKnownFileType = sourcecode.swift; path = "NSDate+EMUtilsTests.swift"; sourceTree = "<group>"; };
		40BF497C1CC1C77800BF6D82 /* EMUtils.framework */ = {isa = PBXFileReference; explicitFileType = wrapper.framework; includeInIndex = 0; path = EMUtils.framework; sourceTree = BUILT_PRODUCTS_DIR; };
		40BF49811CC1C77800BF6D82 /* Info.plist */ = {isa = PBXFileReference; lastKnownFileType = text.plist.xml; path = Info.plist; sourceTree = "<group>"; };
		40BF49861CC1C77900BF6D82 /* EMUtilsTests.xctest */ = {isa = PBXFileReference; explicitFileType = wrapper.cfbundle; includeInIndex = 0; path = EMUtilsTests.xctest; sourceTree = BUILT_PRODUCTS_DIR; };
		40BF498D1CC1C77900BF6D82 /* Info.plist */ = {isa = PBXFileReference; lastKnownFileType = text.plist.xml; path = Info.plist; sourceTree = "<group>"; };
		40BF49981CC1C7F100BF6D82 /* Reflection.swift */ = {isa = PBXFileReference; fileEncoding = 4; lastKnownFileType = sourcecode.swift; path = Reflection.swift; sourceTree = "<group>"; };
		40BF49A41CC1CA0B00BF6D82 /* UIView+EMUtils.swift */ = {isa = PBXFileReference; fileEncoding = 4; lastKnownFileType = sourcecode.swift; path = "UIView+EMUtils.swift"; sourceTree = "<group>"; };
		40BF49A61CC1CA4400BF6D82 /* UIViewController+EMUtils.swift */ = {isa = PBXFileReference; fileEncoding = 4; lastKnownFileType = sourcecode.swift; path = "UIViewController+EMUtils.swift"; sourceTree = "<group>"; };
		40BF49B11CC1CB6500BF6D82 /* Info.plist */ = {isa = PBXFileReference; lastKnownFileType = text.plist.xml; path = Info.plist; sourceTree = "<group>"; };
		40BF49B61CC1CC4A00BF6D82 /* EMJUnitTestObserver.swift */ = {isa = PBXFileReference; fileEncoding = 4; lastKnownFileType = sourcecode.swift; path = EMJUnitTestObserver.swift; sourceTree = "<group>"; };
		40BF49B91CC1CD3500BF6D82 /* EMUtilsTestBase-Bridging-Header.h */ = {isa = PBXFileReference; lastKnownFileType = sourcecode.c.h; path = "EMUtilsTestBase-Bridging-Header.h"; sourceTree = "<group>"; };
		40BF49BF1CC1CE3900BF6D82 /* EMUtilsTestBase.framework */ = {isa = PBXFileReference; explicitFileType = wrapper.framework; includeInIndex = 0; path = EMUtilsTestBase.framework; sourceTree = BUILT_PRODUCTS_DIR; };
		40C004B21E6AAE0E009CCFBA /* UnownedWrapper.swift */ = {isa = PBXFileReference; fileEncoding = 4; lastKnownFileType = sourcecode.swift; path = UnownedWrapper.swift; sourceTree = "<group>"; };
		40C1FFE41E639E7300AFF3FD /* WeakWrapper.swift */ = {isa = PBXFileReference; fileEncoding = 4; lastKnownFileType = sourcecode.swift; path = WeakWrapper.swift; sourceTree = "<group>"; };
		40C1FFE71E63A29300AFF3FD /* AEXML.xcodeproj */ = {isa = PBXFileReference; lastKnownFileType = "wrapper.pb-project"; name = AEXML.xcodeproj; path = "../3rd-party/AEXML/AEXML.xcodeproj"; sourceTree = "<group>"; };
		40C6F1511EDFE25300D64928 /* String+EMUtilsTests.swift */ = {isa = PBXFileReference; fileEncoding = 4; lastKnownFileType = sourcecode.swift; path = "String+EMUtilsTests.swift"; sourceTree = "<group>"; };
		40C9B9511E636B2700DC9ED8 /* EMUtils.framework */ = {isa = PBXFileReference; explicitFileType = wrapper.framework; includeInIndex = 0; path = EMUtils.framework; sourceTree = BUILT_PRODUCTS_DIR; };
		40F8B6101F58C3DA0020F99B /* UUID+EMUtilsTests.swift */ = {isa = PBXFileReference; fileEncoding = 4; lastKnownFileType = sourcecode.swift; path = "UUID+EMUtilsTests.swift"; sourceTree = "<group>"; };
		40F8B6221F59F5EB0020F99B /* Optional+EMUtils.swift */ = {isa = PBXFileReference; fileEncoding = 4; lastKnownFileType = sourcecode.swift; path = "Optional+EMUtils.swift"; sourceTree = "<group>"; };
/* End PBXFileReference section */

/* Begin PBXFrameworksBuildPhase section */
		4072CB241F8CA8C60008BE2B /* Frameworks */ = {
			isa = PBXFrameworksBuildPhase;
			buildActionMask = 2147483647;
			files = (
				4072CB2F1F8CAB370008BE2B /* EMUtils.framework in Frameworks */,
			);
			runOnlyForDeploymentPostprocessing = 0;
		};
		40BF49781CC1C77800BF6D82 /* Frameworks */ = {
			isa = PBXFrameworksBuildPhase;
			buildActionMask = 2147483647;
			files = (
			);
			runOnlyForDeploymentPostprocessing = 0;
		};
		40BF49831CC1C77900BF6D82 /* Frameworks */ = {
			isa = PBXFrameworksBuildPhase;
			buildActionMask = 2147483647;
			files = (
				40BF49871CC1C77900BF6D82 /* EMUtils.framework in Frameworks */,
				407D197D1CC2B72900C102D5 /* EMUtilsTestBase.framework in Frameworks */,
			);
			runOnlyForDeploymentPostprocessing = 0;
		};
		40BF49BB1CC1CE3900BF6D82 /* Frameworks */ = {
			isa = PBXFrameworksBuildPhase;
			buildActionMask = 2147483647;
			files = (
				407D19761CC23C8000C102D5 /* EMUtils.framework in Frameworks */,
			);
			runOnlyForDeploymentPostprocessing = 0;
		};
		40C9B94D1E636B2700DC9ED8 /* Frameworks */ = {
			isa = PBXFrameworksBuildPhase;
			buildActionMask = 2147483647;
			files = (
			);
			runOnlyForDeploymentPostprocessing = 0;
		};
/* End PBXFrameworksBuildPhase section */

/* Begin PBXGroup section */
		405AC9001EBFF72300E7227A /* AV* */ = {
			isa = PBXGroup;
			children = (
				405AC9011EBFF73A00E7227A /* AVCaptureView.swift */,
				405AC90C1EBFFBCF00E7227A /* AVCaptureVisualEffectView.swift */,
			);
			name = "AV*";
			sourceTree = "<group>";
		};
		407D197C1CC23CFC00C102D5 /* Supporting Files */ = {
			isa = PBXGroup;
			children = (
				407D19791CC23CE900C102D5 /* EMUtilsTests-Bridging-Header.h */,
				40BF498D1CC1C77900BF6D82 /* Info.plist */,
			);
			name = "Supporting Files";
			sourceTree = "<group>";
		};
		407D19821CC2BBA300C102D5 /* NS* */ = {
			isa = PBXGroup;
			children = (
				407D19831CC2BBB100C102D5 /* NSDate+EMUtils.swift */,
				407D19851CC2BC2F00C102D5 /* NSDate+ISO8601.h */,
				407D19861CC2BC2F00C102D5 /* NSDate+ISO8601.m */,
			);
			name = "NS*";
			sourceTree = "<group>";
		};
		407D19891CC2BD9600C102D5 /* Supporting Files */ = {
			isa = PBXGroup;
			children = (
				405BB1A81CCAC30A00736787 /* compile-colors.sh */,
				407D198A1CC2BDA600C102D5 /* EMUtils-Bridging-Header.h */,
			);
			name = "Supporting Files";
			sourceTree = "<group>";
		};
		407D198B1CC37E3500C102D5 /* CBL */ = {
			isa = PBXGroup;
			children = (
				407D198C1CC37E5200C102D5 /* CBLParseDate.c */,
				407D198D1CC37E5200C102D5 /* CBLParseDate.h */,
			);
			name = CBL;
			path = ../CBL;
			sourceTree = "<group>";
		};
		40BF49721CC1C77800BF6D82 = {
			isa = PBXGroup;
			children = (
				40C1FFE71E63A29300AFF3FD /* AEXML.xcodeproj */,
				40BF497E1CC1C77800BF6D82 /* EMUtils */,
				40BF498A1CC1C77900BF6D82 /* EMUtilsTests */,
				40BF49B51CC1CBFB00BF6D82 /* EMUtilsTestBase */,
				40BF49A01CC1C87900BF6D82 /* EMUtils.framework */,
				40BF49AE1CC1CB6500BF6D82 /* EMUtilsTestBase.framework */,
				40BF497D1CC1C77800BF6D82 /* Products */,
			);
			sourceTree = "<group>";
		};
		40BF497D1CC1C77800BF6D82 /* Products */ = {
			isa = PBXGroup;
			children = (
				40BF497C1CC1C77800BF6D82 /* EMUtils.framework */,
				40BF49861CC1C77900BF6D82 /* EMUtilsTests.xctest */,
				40BF49BF1CC1CE3900BF6D82 /* EMUtilsTestBase.framework */,
				40C9B9511E636B2700DC9ED8 /* EMUtils.framework */,
				4072CB2B1F8CA8C60008BE2B /* EMUtilsTestBase.framework */,
			);
			name = Products;
			sourceTree = "<group>";
		};
		40BF497E1CC1C77800BF6D82 /* EMUtils */ = {
			isa = PBXGroup;
			children = (
				405AC9001EBFF72300E7227A /* AV* */,
				407D198B1CC37E3500C102D5 /* CBL */,
				40C6F15A1EDFFE3100D64928 /* Foundation */,
				407D19821CC2BBA300C102D5 /* NS* */,
				40BF49A11CC1C9E100BF6D82 /* UI* */,
				407D19741CC2322400C102D5 /* Enumerate.swift */,
				40BF49981CC1C7F100BF6D82 /* Reflection.swift */,
				40C004B21E6AAE0E009CCFBA /* UnownedWrapper.swift */,
				40C1FFE41E639E7300AFF3FD /* WeakWrapper.swift */,
				407D19891CC2BD9600C102D5 /* Supporting Files */,
			);
			path = EMUtils;
			sourceTree = "<group>";
		};
		40BF498A1CC1C77900BF6D82 /* EMUtilsTests */ = {
			isa = PBXGroup;
			children = (
				402037091F256911005BC02B /* Dictionary+EMUtilsTests.swift */,
				407D197A1CC23CE900C102D5 /* EnumerateTests.swift */,
				407D19901CC3806600C102D5 /* NSDate+EMUtilsTests.swift */,
				40C6F1511EDFE25300D64928 /* String+EMUtilsTests.swift */,
				40F8B6101F58C3DA0020F99B /* UUID+EMUtilsTests.swift */,
				407D197C1CC23CFC00C102D5 /* Supporting Files */,
			);
			path = EMUtilsTests;
			sourceTree = "<group>";
		};
		40BF49A01CC1C87900BF6D82 /* EMUtils.framework */ = {
			isa = PBXGroup;
			children = (
				40BF49811CC1C77800BF6D82 /* Info.plist */,
			);
			path = EMUtils.framework;
			sourceTree = "<group>";
		};
		40BF49A11CC1C9E100BF6D82 /* UI* */ = {
			isa = PBXGroup;
			children = (
				405AC9191EC0209B00E7227A /* UIImage+EMUtils.swift */,
				405BB1991CCAB0F800736787 /* UITableViewCell+EMUtils.swift */,
				40BF49A41CC1CA0B00BF6D82 /* UIView+EMUtils.swift */,
				40BF49A61CC1CA4400BF6D82 /* UIViewController+EMUtils.swift */,
				405AC9541EC067B500E7227A /* UIWindow+EMUtils.swift */,
			);
			name = "UI*";
			sourceTree = "<group>";
		};
		40BF49AE1CC1CB6500BF6D82 /* EMUtilsTestBase.framework */ = {
			isa = PBXGroup;
			children = (
				40BF49B11CC1CB6500BF6D82 /* Info.plist */,
			);
			path = EMUtilsTestBase.framework;
			sourceTree = "<group>";
		};
		40BF49B51CC1CBFB00BF6D82 /* EMUtilsTestBase */ = {
			isa = PBXGroup;
			children = (
				40BF49B61CC1CC4A00BF6D82 /* EMJUnitTestObserver.swift */,
				407D19801CC2B78C00C102D5 /* EMTestCaseBase.swift */,
				40BF49B81CC1CD1C00BF6D82 /* Supporting Files */,
			);
			path = EMUtilsTestBase;
			sourceTree = "<group>";
		};
		40BF49B81CC1CD1C00BF6D82 /* Supporting Files */ = {
			isa = PBXGroup;
			children = (
				40BF49B91CC1CD3500BF6D82 /* EMUtilsTestBase-Bridging-Header.h */,
			);
			name = "Supporting Files";
			sourceTree = "<group>";
		};
		40C1FFE81E63A29300AFF3FD /* Products */ = {
			isa = PBXGroup;
			children = (
				40C1FFF21E63A29300AFF3FD /* AEXML.framework */,
				40C1FFF41E63A29300AFF3FD /* AEXML.framework */,
				40C1FFF61E63A29300AFF3FD /* AEXML iOS Tests.xctest */,
				40C1FFF81E63A29300AFF3FD /* AEXML.framework */,
				40C1FFFA1E63A29300AFF3FD /* AEXML tvOS Tests.xctest */,
				40C1FFFC1E63A29300AFF3FD /* AEXML.framework */,
				40C1FFFE1E63A29300AFF3FD /* AEXML OSX Tests.xctest */,
			);
			name = Products;
			sourceTree = "<group>";
		};
		40C6F15A1EDFFE3100D64928 /* Foundation */ = {
			isa = PBXGroup;
			children = (
				402F6AFE1F58B1F500E96EA9 /* Data+EMUtils.swift */,
				402037011F25674C005BC02B /* Dictionary+EMUtils.swift */,
				40F8B6221F59F5EB0020F99B /* Optional+EMUtils.swift */,
				402BA68F1EB1C01200E35176 /* String+EMUtils.swift */,
				402F6AF51F58B0F500E96EA9 /* UUID+EMUtils.swift */,
			);
			name = Foundation;
			sourceTree = "<group>";
		};
/* End PBXGroup section */

/* Begin PBXHeadersBuildPhase section */
		4072CB261F8CA8C60008BE2B /* Headers */ = {
			isa = PBXHeadersBuildPhase;
			buildActionMask = 2147483647;
			files = (
			);
			runOnlyForDeploymentPostprocessing = 0;
		};
		40BF49791CC1C77800BF6D82 /* Headers */ = {
			isa = PBXHeadersBuildPhase;
			buildActionMask = 2147483647;
			files = (
				407D198F1CC37E5200C102D5 /* CBLParseDate.h in Headers */,
				407D19871CC2BC2F00C102D5 /* NSDate+ISO8601.h in Headers */,
				405AC9171EC01A2400E7227A /* EMUtils-Bridging-Header.h in Headers */,
			);
			runOnlyForDeploymentPostprocessing = 0;
		};
		40BF49BC1CC1CE3900BF6D82 /* Headers */ = {
			isa = PBXHeadersBuildPhase;
			buildActionMask = 2147483647;
			files = (
			);
			runOnlyForDeploymentPostprocessing = 0;
		};
		40C9B94E1E636B2700DC9ED8 /* Headers */ = {
			isa = PBXHeadersBuildPhase;
			buildActionMask = 2147483647;
			files = (
				4072CB381F8CACFA0008BE2B /* CBLParseDate.h in Headers */,
				4072CB351F8CAC870008BE2B /* NSDate+ISO8601.h in Headers */,
			);
			runOnlyForDeploymentPostprocessing = 0;
		};
/* End PBXHeadersBuildPhase section */

/* Begin PBXNativeTarget section */
		4072CB1C1F8CA8C60008BE2B /* EMUtilsTestBase macOS */ = {
			isa = PBXNativeTarget;
			buildConfigurationList = 4072CB281F8CA8C60008BE2B /* Build configuration list for PBXNativeTarget "EMUtilsTestBase macOS" */;
			buildPhases = (
				4072CB211F8CA8C60008BE2B /* Sources */,
				4072CB241F8CA8C60008BE2B /* Frameworks */,
				4072CB261F8CA8C60008BE2B /* Headers */,
				4072CB271F8CA8C60008BE2B /* Resources */,
			);
			buildRules = (
			);
			dependencies = (
				4072CB311F8CAC370008BE2B /* PBXTargetDependency */,
				4072CB331F8CAC3B0008BE2B /* PBXTargetDependency */,
			);
			name = "EMUtilsTestBase macOS";
			productName = EMUtilsTestBase;
			productReference = 4072CB2B1F8CA8C60008BE2B /* EMUtilsTestBase.framework */;
			productType = "com.apple.product-type.framework";
		};
		40BF497B1CC1C77800BF6D82 /* EMUtils iOS */ = {
			isa = PBXNativeTarget;
			buildConfigurationList = 40BF49901CC1C77900BF6D82 /* Build configuration list for PBXNativeTarget "EMUtils iOS" */;
			buildPhases = (
				40BF49771CC1C77800BF6D82 /* Sources */,
				40BF49781CC1C77800BF6D82 /* Frameworks */,
				40BF49791CC1C77800BF6D82 /* Headers */,
				40BF497A1CC1C77800BF6D82 /* Resources */,
			);
			buildRules = (
			);
			dependencies = (
			);
			name = "EMUtils iOS";
			productName = EMUtils;
			productReference = 40BF497C1CC1C77800BF6D82 /* EMUtils.framework */;
			productType = "com.apple.product-type.framework";
		};
		40BF49851CC1C77900BF6D82 /* EMUtilsTests */ = {
			isa = PBXNativeTarget;
			buildConfigurationList = 40BF49931CC1C77900BF6D82 /* Build configuration list for PBXNativeTarget "EMUtilsTests" */;
			buildPhases = (
				40BF49821CC1C77900BF6D82 /* Sources */,
				40BF49831CC1C77900BF6D82 /* Frameworks */,
				40BF49841CC1C77900BF6D82 /* Resources */,
			);
			buildRules = (
			);
			dependencies = (
				40BF49891CC1C77900BF6D82 /* PBXTargetDependency */,
				407D197F1CC2B73200C102D5 /* PBXTargetDependency */,
			);
			name = EMUtilsTests;
			productName = EMUtilsTests;
			productReference = 40BF49861CC1C77900BF6D82 /* EMUtilsTests.xctest */;
			productType = "com.apple.product-type.bundle.unit-test";
		};
		40BF49BE1CC1CE3900BF6D82 /* EMUtilsTestBase iOS */ = {
			isa = PBXNativeTarget;
			buildConfigurationList = 40BF49C41CC1CE3900BF6D82 /* Build configuration list for PBXNativeTarget "EMUtilsTestBase iOS" */;
			buildPhases = (
				40BF49BA1CC1CE3900BF6D82 /* Sources */,
				40BF49BB1CC1CE3900BF6D82 /* Frameworks */,
				40BF49BC1CC1CE3900BF6D82 /* Headers */,
				40BF49BD1CC1CE3900BF6D82 /* Resources */,
			);
			buildRules = (
			);
			dependencies = (
				40C100001E63A2AB00AFF3FD /* PBXTargetDependency */,
				407D19781CC23C8A00C102D5 /* PBXTargetDependency */,
			);
			name = "EMUtilsTestBase iOS";
			productName = EMUtilsTestBase;
			productReference = 40BF49BF1CC1CE3900BF6D82 /* EMUtilsTestBase.framework */;
			productType = "com.apple.product-type.framework";
		};
		40C9B9501E636B2700DC9ED8 /* EMUtils macOS */ = {
			isa = PBXNativeTarget;
			buildConfigurationList = 40C9B9561E636B2700DC9ED8 /* Build configuration list for PBXNativeTarget "EMUtils macOS" */;
			buildPhases = (
				40C9B94C1E636B2700DC9ED8 /* Sources */,
				40C9B94D1E636B2700DC9ED8 /* Frameworks */,
				40C9B94E1E636B2700DC9ED8 /* Headers */,
				40C9B94F1E636B2700DC9ED8 /* Resources */,
			);
			buildRules = (
			);
			dependencies = (
			);
			name = "EMUtils macOS";
			productName = EMUtils;
			productReference = 40C9B9511E636B2700DC9ED8 /* EMUtils.framework */;
			productType = "com.apple.product-type.framework";
		};
/* End PBXNativeTarget section */

/* Begin PBXProject section */
		40BF49731CC1C77800BF6D82 /* Project object */ = {
			isa = PBXProject;
			attributes = {
				LastSwiftUpdateCheck = 0730;
				LastUpgradeCheck = 0900;
				ORGANIZATIONNAME = "Ewan Mellor";
				TargetAttributes = {
					40BF497B1CC1C77800BF6D82 = {
						CreatedOnToolsVersion = 7.3;
						LastSwiftMigration = 0900;
					};
					40BF49851CC1C77900BF6D82 = {
						CreatedOnToolsVersion = 7.3;
						LastSwiftMigration = 0900;
					};
					40BF49BE1CC1CE3900BF6D82 = {
						CreatedOnToolsVersion = 7.3;
						LastSwiftMigration = 0900;
					};
					40C9B9501E636B2700DC9ED8 = {
						CreatedOnToolsVersion = 8.2.1;
						DevelopmentTeam = 7MM34246C9;
						LastSwiftMigration = 0900;
						ProvisioningStyle = Automatic;
					};
				};
			};
			buildConfigurationList = 40BF49761CC1C77800BF6D82 /* Build configuration list for PBXProject "EMUtils" */;
			compatibilityVersion = "Xcode 3.2";
			developmentRegion = English;
			hasScannedForEncodings = 0;
			knownRegions = (
				en,
			);
			mainGroup = 40BF49721CC1C77800BF6D82;
			productRefGroup = 40BF497D1CC1C77800BF6D82 /* Products */;
			projectDirPath = "";
			projectReferences = (
				{
					ProductGroup = 40C1FFE81E63A29300AFF3FD /* Products */;
					ProjectRef = 40C1FFE71E63A29300AFF3FD /* AEXML.xcodeproj */;
				},
			);
			projectRoot = "";
			targets = (
				40BF497B1CC1C77800BF6D82 /* EMUtils iOS */,
				40C9B9501E636B2700DC9ED8 /* EMUtils macOS */,
				40BF49BE1CC1CE3900BF6D82 /* EMUtilsTestBase iOS */,
				4072CB1C1F8CA8C60008BE2B /* EMUtilsTestBase macOS */,
				40BF49851CC1C77900BF6D82 /* EMUtilsTests */,
			);
		};
/* End PBXProject section */

/* Begin PBXReferenceProxy section */
		40C1FFF21E63A29300AFF3FD /* AEXML.framework */ = {
			isa = PBXReferenceProxy;
			fileType = wrapper.framework;
			path = AEXML.framework;
			remoteRef = 40C1FFF11E63A29300AFF3FD /* PBXContainerItemProxy */;
			sourceTree = BUILT_PRODUCTS_DIR;
		};
		40C1FFF41E63A29300AFF3FD /* AEXML.framework */ = {
			isa = PBXReferenceProxy;
			fileType = wrapper.framework;
			path = AEXML.framework;
			remoteRef = 40C1FFF31E63A29300AFF3FD /* PBXContainerItemProxy */;
			sourceTree = BUILT_PRODUCTS_DIR;
		};
		40C1FFF61E63A29300AFF3FD /* AEXML iOS Tests.xctest */ = {
			isa = PBXReferenceProxy;
			fileType = wrapper.cfbundle;
			path = "AEXML iOS Tests.xctest";
			remoteRef = 40C1FFF51E63A29300AFF3FD /* PBXContainerItemProxy */;
			sourceTree = BUILT_PRODUCTS_DIR;
		};
		40C1FFF81E63A29300AFF3FD /* AEXML.framework */ = {
			isa = PBXReferenceProxy;
			fileType = wrapper.framework;
			path = AEXML.framework;
			remoteRef = 40C1FFF71E63A29300AFF3FD /* PBXContainerItemProxy */;
			sourceTree = BUILT_PRODUCTS_DIR;
		};
		40C1FFFA1E63A29300AFF3FD /* AEXML tvOS Tests.xctest */ = {
			isa = PBXReferenceProxy;
			fileType = wrapper.cfbundle;
			path = "AEXML tvOS Tests.xctest";
			remoteRef = 40C1FFF91E63A29300AFF3FD /* PBXContainerItemProxy */;
			sourceTree = BUILT_PRODUCTS_DIR;
		};
		40C1FFFC1E63A29300AFF3FD /* AEXML.framework */ = {
			isa = PBXReferenceProxy;
			fileType = wrapper.framework;
			path = AEXML.framework;
			remoteRef = 40C1FFFB1E63A29300AFF3FD /* PBXContainerItemProxy */;
			sourceTree = BUILT_PRODUCTS_DIR;
		};
		40C1FFFE1E63A29300AFF3FD /* AEXML OSX Tests.xctest */ = {
			isa = PBXReferenceProxy;
			fileType = wrapper.cfbundle;
			path = "AEXML OSX Tests.xctest";
			remoteRef = 40C1FFFD1E63A29300AFF3FD /* PBXContainerItemProxy */;
			sourceTree = BUILT_PRODUCTS_DIR;
		};
/* End PBXReferenceProxy section */

/* Begin PBXResourcesBuildPhase section */
		4072CB271F8CA8C60008BE2B /* Resources */ = {
			isa = PBXResourcesBuildPhase;
			buildActionMask = 2147483647;
			files = (
			);
			runOnlyForDeploymentPostprocessing = 0;
		};
		40BF497A1CC1C77800BF6D82 /* Resources */ = {
			isa = PBXResourcesBuildPhase;
			buildActionMask = 2147483647;
			files = (
				405BB1A91CCAC30A00736787 /* compile-colors.sh in Resources */,
			);
			runOnlyForDeploymentPostprocessing = 0;
		};
		40BF49841CC1C77900BF6D82 /* Resources */ = {
			isa = PBXResourcesBuildPhase;
			buildActionMask = 2147483647;
			files = (
			);
			runOnlyForDeploymentPostprocessing = 0;
		};
		40BF49BD1CC1CE3900BF6D82 /* Resources */ = {
			isa = PBXResourcesBuildPhase;
			buildActionMask = 2147483647;
			files = (
			);
			runOnlyForDeploymentPostprocessing = 0;
		};
		40C9B94F1E636B2700DC9ED8 /* Resources */ = {
			isa = PBXResourcesBuildPhase;
			buildActionMask = 2147483647;
			files = (
			);
			runOnlyForDeploymentPostprocessing = 0;
		};
/* End PBXResourcesBuildPhase section */

/* Begin PBXSourcesBuildPhase section */
		4072CB211F8CA8C60008BE2B /* Sources */ = {
			isa = PBXSourcesBuildPhase;
			buildActionMask = 2147483647;
			files = (
				4072CB221F8CA8C60008BE2B /* EMTestCaseBase.swift in Sources */,
				4072CB231F8CA8C60008BE2B /* EMJUnitTestObserver.swift in Sources */,
			);
			runOnlyForDeploymentPostprocessing = 0;
		};
		40BF49771CC1C77800BF6D82 /* Sources */ = {
			isa = PBXSourcesBuildPhase;
			buildActionMask = 2147483647;
			files = (
				402BA6901EB1C01200E35176 /* String+EMUtils.swift in Sources */,
				407D19751CC2322400C102D5 /* Enumerate.swift in Sources */,
				40C1FFE51E639E7300AFF3FD /* WeakWrapper.swift in Sources */,
				405AC91A1EC0209B00E7227A /* UIImage+EMUtils.swift in Sources */,
				407D19881CC2BC2F00C102D5 /* NSDate+ISO8601.m in Sources */,
				402F6AF61F58B0F500E96EA9 /* UUID+EMUtils.swift in Sources */,
				40F8B6231F59F5EB0020F99B /* Optional+EMUtils.swift in Sources */,
				407D19841CC2BBB100C102D5 /* NSDate+EMUtils.swift in Sources */,
				40BF49A51CC1CA0B00BF6D82 /* UIView+EMUtils.swift in Sources */,
				402037021F25674C005BC02B /* Dictionary+EMUtils.swift in Sources */,
				40BF49A71CC1CA4400BF6D82 /* UIViewController+EMUtils.swift in Sources */,
				402F6AFF1F58B1F500E96EA9 /* Data+EMUtils.swift in Sources */,
				407D198E1CC37E5200C102D5 /* CBLParseDate.c in Sources */,
				405AC9021EBFF73A00E7227A /* AVCaptureView.swift in Sources */,
				40BF49991CC1C7F100BF6D82 /* Reflection.swift in Sources */,
				40C004B31E6AAE0E009CCFBA /* UnownedWrapper.swift in Sources */,
				405AC9551EC067B500E7227A /* UIWindow+EMUtils.swift in Sources */,
				405BB19A1CCAB0F800736787 /* UITableViewCell+EMUtils.swift in Sources */,
				405AC90D1EBFFBCF00E7227A /* AVCaptureVisualEffectView.swift in Sources */,
			);
			runOnlyForDeploymentPostprocessing = 0;
		};
		40BF49821CC1C77900BF6D82 /* Sources */ = {
			isa = PBXSourcesBuildPhase;
			buildActionMask = 2147483647;
			files = (
				407D19911CC3806600C102D5 /* NSDate+EMUtilsTests.swift in Sources */,
				407D197B1CC23CE900C102D5 /* EnumerateTests.swift in Sources */,
				40C6F1521EDFE25300D64928 /* String+EMUtilsTests.swift in Sources */,
				4020370A1F256911005BC02B /* Dictionary+EMUtilsTests.swift in Sources */,
				40F8B6111F58C3DA0020F99B /* UUID+EMUtilsTests.swift in Sources */,
			);
			runOnlyForDeploymentPostprocessing = 0;
		};
		40BF49BA1CC1CE3900BF6D82 /* Sources */ = {
			isa = PBXSourcesBuildPhase;
			buildActionMask = 2147483647;
			files = (
				407D19811CC2B78C00C102D5 /* EMTestCaseBase.swift in Sources */,
				40BF49C71CC1D10C00BF6D82 /* EMJUnitTestObserver.swift in Sources */,
			);
			runOnlyForDeploymentPostprocessing = 0;
		};
		40C9B94C1E636B2700DC9ED8 /* Sources */ = {
			isa = PBXSourcesBuildPhase;
			buildActionMask = 2147483647;
			files = (
				402F6B001F58B1F500E96EA9 /* Data+EMUtils.swift in Sources */,
				40C6F1591EDFF90900D64928 /* String+EMUtils.swift in Sources */,
				402F6AF71F58B0F500E96EA9 /* UUID+EMUtils.swift in Sources */,
				4020370B1F256980005BC02B /* Dictionary+EMUtils.swift in Sources */,
				40C004B41E6AAE0E009CCFBA /* UnownedWrapper.swift in Sources */,
				4072CB371F8CACF60008BE2B /* CBLParseDate.c in Sources */,
				40C004BF1E6AAEAE009CCFBA /* Enumerate.swift in Sources */,
				4072CB341F8CAC720008BE2B /* NSDate+EMUtils.swift in Sources */,
				40F8B6241F59F5EB0020F99B /* Optional+EMUtils.swift in Sources */,
				40C004C61E6AAEB2009CCFBA /* Reflection.swift in Sources */,
				4072CB361F8CAC8F0008BE2B /* NSDate+ISO8601.m in Sources */,
				40C1FFE61E639E7A00AFF3FD /* WeakWrapper.swift in Sources */,
			);
			runOnlyForDeploymentPostprocessing = 0;
		};
/* End PBXSourcesBuildPhase section */

/* Begin PBXTargetDependency section */
		4072CB311F8CAC370008BE2B /* PBXTargetDependency */ = {
			isa = PBXTargetDependency;
			name = "AEXML OSX";
			targetProxy = 4072CB301F8CAC370008BE2B /* PBXContainerItemProxy */;
		};
		4072CB331F8CAC3B0008BE2B /* PBXTargetDependency */ = {
			isa = PBXTargetDependency;
			target = 40C9B9501E636B2700DC9ED8 /* EMUtils macOS */;
			targetProxy = 4072CB321F8CAC3B0008BE2B /* PBXContainerItemProxy */;
		};
		407D19781CC23C8A00C102D5 /* PBXTargetDependency */ = {
			isa = PBXTargetDependency;
			target = 40BF497B1CC1C77800BF6D82 /* EMUtils iOS */;
			targetProxy = 407D19771CC23C8A00C102D5 /* PBXContainerItemProxy */;
		};
		407D197F1CC2B73200C102D5 /* PBXTargetDependency */ = {
			isa = PBXTargetDependency;
			target = 40BF49BE1CC1CE3900BF6D82 /* EMUtilsTestBase iOS */;
			targetProxy = 407D197E1CC2B73200C102D5 /* PBXContainerItemProxy */;
		};
		40BF49891CC1C77900BF6D82 /* PBXTargetDependency */ = {
			isa = PBXTargetDependency;
			target = 40BF497B1CC1C77800BF6D82 /* EMUtils iOS */;
			targetProxy = 40BF49881CC1C77900BF6D82 /* PBXContainerItemProxy */;
		};
		40C100001E63A2AB00AFF3FD /* PBXTargetDependency */ = {
			isa = PBXTargetDependency;
			name = "AEXML iOS";
			targetProxy = 40C1FFFF1E63A2AB00AFF3FD /* PBXContainerItemProxy */;
		};
/* End PBXTargetDependency section */

/* Begin XCBuildConfiguration section */
		4072CB291F8CA8C60008BE2B /* Debug */ = {
			isa = XCBuildConfiguration;
			buildSettings = {
				"CODE_SIGN_IDENTITY[sdk=iphoneos*]" = "";
				DEFINES_MODULE = YES;
				DYLIB_COMPATIBILITY_VERSION = 1;
				DYLIB_CURRENT_VERSION = 1;
				DYLIB_INSTALL_NAME_BASE = "@rpath";
				FRAMEWORK_SEARCH_PATHS = (
					"$(PLATFORM_DIR)/Developer/Library/Frameworks\n\n$(PLATFORM_DIR)/Developer/Library/Frameworks\n\n$(PLATFORM_DIR)/Developer/Library/Frameworks\n\n$(PLATFORM_DIR)/Developer/Library/Frameworks\n",
				);
				INFOPLIST_FILE = EMUtilsTestBase/Info.plist;
				INSTALL_PATH = "$(LOCAL_LIBRARY_DIR)/Frameworks";
				LD_RUNPATH_SEARCH_PATHS = "$(inherited) @executable_path/Frameworks @loader_path/Frameworks";
				PRODUCT_BUNDLE_IDENTIFIER = org.ewanmellor.EMUtilsTestBase;
				PRODUCT_NAME = EMUtilsTestBase;
				SDKROOT = macosx;
				SKIP_INSTALL = YES;
				SWIFT_VERSION = 4.0;
			};
			name = Debug;
		};
		4072CB2A1F8CA8C60008BE2B /* Release */ = {
			isa = XCBuildConfiguration;
			buildSettings = {
				"CODE_SIGN_IDENTITY[sdk=iphoneos*]" = "";
				DEFINES_MODULE = YES;
				DYLIB_COMPATIBILITY_VERSION = 1;
				DYLIB_CURRENT_VERSION = 1;
				DYLIB_INSTALL_NAME_BASE = "@rpath";
				FRAMEWORK_SEARCH_PATHS = (
					"$(PLATFORM_DIR)/Developer/Library/Frameworks\n\n$(PLATFORM_DIR)/Developer/Library/Frameworks\n\n$(PLATFORM_DIR)/Developer/Library/Frameworks\n\n$(PLATFORM_DIR)/Developer/Library/Frameworks\n",
				);
				INFOPLIST_FILE = EMUtilsTestBase/Info.plist;
				INSTALL_PATH = "$(LOCAL_LIBRARY_DIR)/Frameworks";
				LD_RUNPATH_SEARCH_PATHS = "$(inherited) @executable_path/Frameworks @loader_path/Frameworks";
				PRODUCT_BUNDLE_IDENTIFIER = org.ewanmellor.EMUtilsTestBase;
				PRODUCT_NAME = EMUtilsTestBase;
				SDKROOT = macosx;
				SKIP_INSTALL = YES;
				SWIFT_VERSION = 4.0;
			};
			name = Release;
		};
		40BF498E1CC1C77900BF6D82 /* Debug */ = {
			isa = XCBuildConfiguration;
			buildSettings = {
				ALWAYS_SEARCH_USER_PATHS = NO;
				CLANG_ANALYZER_NONNULL = YES;
				CLANG_CXX_LANGUAGE_STANDARD = "gnu++0x";
				CLANG_CXX_LIBRARY = "libc++";
				CLANG_ENABLE_MODULES = YES;
				CLANG_ENABLE_OBJC_ARC = YES;
				CLANG_WARN_BLOCK_CAPTURE_AUTORELEASING = YES;
				CLANG_WARN_BOOL_CONVERSION = YES;
				CLANG_WARN_COMMA = YES;
				CLANG_WARN_CONSTANT_CONVERSION = YES;
				CLANG_WARN_DIRECT_OBJC_ISA_USAGE = YES_ERROR;
				CLANG_WARN_EMPTY_BODY = YES;
				CLANG_WARN_ENUM_CONVERSION = YES;
				CLANG_WARN_INFINITE_RECURSION = YES;
				CLANG_WARN_INT_CONVERSION = YES;
				CLANG_WARN_NON_LITERAL_NULL_CONVERSION = YES;
				CLANG_WARN_OBJC_LITERAL_CONVERSION = YES;
				CLANG_WARN_OBJC_ROOT_CLASS = YES_ERROR;
				CLANG_WARN_RANGE_LOOP_ANALYSIS = YES;
				CLANG_WARN_STRICT_PROTOTYPES = YES;
				CLANG_WARN_SUSPICIOUS_MOVE = YES;
				CLANG_WARN_UNREACHABLE_CODE = YES;
				CLANG_WARN__DUPLICATE_METHOD_MATCH = YES;
				"CODE_SIGN_IDENTITY[sdk=iphoneos*]" = "iPhone Developer";
				COPY_PHASE_STRIP = NO;
				CURRENT_PROJECT_VERSION = 1;
				DEBUG_INFORMATION_FORMAT = dwarf;
				ENABLE_STRICT_OBJC_MSGSEND = YES;
				ENABLE_TESTABILITY = YES;
				GCC_C_LANGUAGE_STANDARD = gnu99;
				GCC_DYNAMIC_NO_PIC = NO;
				GCC_NO_COMMON_BLOCKS = YES;
				GCC_OPTIMIZATION_LEVEL = 0;
				GCC_PREPROCESSOR_DEFINITIONS = (
					"DEBUG=1",
					"$(inherited)",
				);
				GCC_WARN_64_TO_32_BIT_CONVERSION = YES;
				GCC_WARN_ABOUT_RETURN_TYPE = YES_ERROR;
				GCC_WARN_UNDECLARED_SELECTOR = YES;
				GCC_WARN_UNINITIALIZED_AUTOS = YES_AGGRESSIVE;
				GCC_WARN_UNUSED_FUNCTION = YES;
				GCC_WARN_UNUSED_VARIABLE = YES;
				IPHONEOS_DEPLOYMENT_TARGET = 11.0;
				MACOSX_DEPLOYMENT_TARGET = 10.13;
				MTL_ENABLE_DEBUG_INFO = YES;
				ONLY_ACTIVE_ARCH = YES;
				SDKROOT = iphoneos;
				SWIFT_OPTIMIZATION_LEVEL = "-Onone";
				TARGETED_DEVICE_FAMILY = "1,2";
				VERSIONING_SYSTEM = "apple-generic";
				VERSION_INFO_PREFIX = "";
			};
			name = Debug;
		};
		40BF498F1CC1C77900BF6D82 /* Release */ = {
			isa = XCBuildConfiguration;
			buildSettings = {
				ALWAYS_SEARCH_USER_PATHS = NO;
				CLANG_ANALYZER_NONNULL = YES;
				CLANG_CXX_LANGUAGE_STANDARD = "gnu++0x";
				CLANG_CXX_LIBRARY = "libc++";
				CLANG_ENABLE_MODULES = YES;
				CLANG_ENABLE_OBJC_ARC = YES;
				CLANG_WARN_BLOCK_CAPTURE_AUTORELEASING = YES;
				CLANG_WARN_BOOL_CONVERSION = YES;
				CLANG_WARN_COMMA = YES;
				CLANG_WARN_CONSTANT_CONVERSION = YES;
				CLANG_WARN_DIRECT_OBJC_ISA_USAGE = YES_ERROR;
				CLANG_WARN_EMPTY_BODY = YES;
				CLANG_WARN_ENUM_CONVERSION = YES;
				CLANG_WARN_INFINITE_RECURSION = YES;
				CLANG_WARN_INT_CONVERSION = YES;
				CLANG_WARN_NON_LITERAL_NULL_CONVERSION = YES;
				CLANG_WARN_OBJC_LITERAL_CONVERSION = YES;
				CLANG_WARN_OBJC_ROOT_CLASS = YES_ERROR;
				CLANG_WARN_RANGE_LOOP_ANALYSIS = YES;
				CLANG_WARN_STRICT_PROTOTYPES = YES;
				CLANG_WARN_SUSPICIOUS_MOVE = YES;
				CLANG_WARN_UNREACHABLE_CODE = YES;
				CLANG_WARN__DUPLICATE_METHOD_MATCH = YES;
				"CODE_SIGN_IDENTITY[sdk=iphoneos*]" = "iPhone Developer";
				COPY_PHASE_STRIP = NO;
				CURRENT_PROJECT_VERSION = 1;
				DEBUG_INFORMATION_FORMAT = "dwarf-with-dsym";
				ENABLE_NS_ASSERTIONS = NO;
				ENABLE_STRICT_OBJC_MSGSEND = YES;
				GCC_C_LANGUAGE_STANDARD = gnu99;
				GCC_NO_COMMON_BLOCKS = YES;
				GCC_WARN_64_TO_32_BIT_CONVERSION = YES;
				GCC_WARN_ABOUT_RETURN_TYPE = YES_ERROR;
				GCC_WARN_UNDECLARED_SELECTOR = YES;
				GCC_WARN_UNINITIALIZED_AUTOS = YES_AGGRESSIVE;
				GCC_WARN_UNUSED_FUNCTION = YES;
				GCC_WARN_UNUSED_VARIABLE = YES;
				IPHONEOS_DEPLOYMENT_TARGET = 11.0;
				MACOSX_DEPLOYMENT_TARGET = 10.13;
				MTL_ENABLE_DEBUG_INFO = NO;
				SDKROOT = iphoneos;
				SWIFT_OPTIMIZATION_LEVEL = "-Owholemodule";
				TARGETED_DEVICE_FAMILY = "1,2";
				VALIDATE_PRODUCT = YES;
				VERSIONING_SYSTEM = "apple-generic";
				VERSION_INFO_PREFIX = "";
			};
			name = Release;
		};
		40BF49911CC1C77900BF6D82 /* Debug */ = {
			isa = XCBuildConfiguration;
			buildSettings = {
				CLANG_ENABLE_MODULES = YES;
				"CODE_SIGN_IDENTITY[sdk=iphoneos*]" = "";
				DEFINES_MODULE = YES;
				DYLIB_COMPATIBILITY_VERSION = 1;
				DYLIB_CURRENT_VERSION = 1;
				DYLIB_INSTALL_NAME_BASE = "@rpath";
				INFOPLIST_FILE = EMUtils.framework/Info.plist;
				INSTALL_PATH = "$(LOCAL_LIBRARY_DIR)/Frameworks";
				LD_RUNPATH_SEARCH_PATHS = "$(inherited) @executable_path/Frameworks @loader_path/Frameworks";
				PRODUCT_BUNDLE_IDENTIFIER = org.ewanmellor.EMUtils;
				PRODUCT_NAME = EMUtils;
				SKIP_INSTALL = YES;
				SWIFT_OBJC_BRIDGING_HEADER = "EMUtils/EMUtils-Bridging-Header.h";
				SWIFT_OPTIMIZATION_LEVEL = "-Onone";
				SWIFT_VERSION = 4.0;
			};
			name = Debug;
		};
		40BF49921CC1C77900BF6D82 /* Release */ = {
			isa = XCBuildConfiguration;
			buildSettings = {
				CLANG_ENABLE_MODULES = YES;
				"CODE_SIGN_IDENTITY[sdk=iphoneos*]" = "";
				DEFINES_MODULE = YES;
				DYLIB_COMPATIBILITY_VERSION = 1;
				DYLIB_CURRENT_VERSION = 1;
				DYLIB_INSTALL_NAME_BASE = "@rpath";
				INFOPLIST_FILE = EMUtils.framework/Info.plist;
				INSTALL_PATH = "$(LOCAL_LIBRARY_DIR)/Frameworks";
				LD_RUNPATH_SEARCH_PATHS = "$(inherited) @executable_path/Frameworks @loader_path/Frameworks";
				PRODUCT_BUNDLE_IDENTIFIER = org.ewanmellor.EMUtils;
				PRODUCT_NAME = EMUtils;
				SKIP_INSTALL = YES;
				SWIFT_OBJC_BRIDGING_HEADER = "EMUtils/EMUtils-Bridging-Header.h";
				SWIFT_VERSION = 4.0;
			};
			name = Release;
		};
		40BF49941CC1C77900BF6D82 /* Debug */ = {
			isa = XCBuildConfiguration;
			buildSettings = {
				CLANG_ENABLE_MODULES = YES;
				INFOPLIST_FILE = EMUtilsTests/Info.plist;
				LD_RUNPATH_SEARCH_PATHS = "$(inherited) @executable_path/Frameworks @loader_path/Frameworks";
				PRODUCT_BUNDLE_IDENTIFIER = org.ewanmellor.EMUtilsTests;
				PRODUCT_NAME = "$(TARGET_NAME)";
				SWIFT_OBJC_BRIDGING_HEADER = "EMUtilsTests/EMUtilsTests-Bridging-Header.h";
				SWIFT_OPTIMIZATION_LEVEL = "-Onone";
				SWIFT_VERSION = 4.0;
			};
			name = Debug;
		};
		40BF49951CC1C77900BF6D82 /* Release */ = {
			isa = XCBuildConfiguration;
			buildSettings = {
				CLANG_ENABLE_MODULES = YES;
				INFOPLIST_FILE = EMUtilsTests/Info.plist;
				LD_RUNPATH_SEARCH_PATHS = "$(inherited) @executable_path/Frameworks @loader_path/Frameworks";
				PRODUCT_BUNDLE_IDENTIFIER = org.ewanmellor.EMUtilsTests;
				PRODUCT_NAME = "$(TARGET_NAME)";
				SWIFT_OBJC_BRIDGING_HEADER = "EMUtilsTests/EMUtilsTests-Bridging-Header.h";
				SWIFT_VERSION = 4.0;
			};
			name = Release;
		};
		40BF49C51CC1CE3900BF6D82 /* Debug */ = {
			isa = XCBuildConfiguration;
			buildSettings = {
				"CODE_SIGN_IDENTITY[sdk=iphoneos*]" = "";
				DEFINES_MODULE = YES;
				DYLIB_COMPATIBILITY_VERSION = 1;
				DYLIB_CURRENT_VERSION = 1;
				DYLIB_INSTALL_NAME_BASE = "@rpath";
				FRAMEWORK_SEARCH_PATHS = (
					"$(PLATFORM_DIR)/Developer/Library/Frameworks\n\n$(PLATFORM_DIR)/Developer/Library/Frameworks\n\n$(PLATFORM_DIR)/Developer/Library/Frameworks\n\n$(PLATFORM_DIR)/Developer/Library/Frameworks\n",
				);
				INFOPLIST_FILE = EMUtilsTestBase/Info.plist;
				INSTALL_PATH = "$(LOCAL_LIBRARY_DIR)/Frameworks";
				LD_RUNPATH_SEARCH_PATHS = "$(inherited) @executable_path/Frameworks @loader_path/Frameworks";
				PRODUCT_BUNDLE_IDENTIFIER = org.ewanmellor.EMUtilsTestBase;
				PRODUCT_NAME = EMUtilsTestBase;
				SKIP_INSTALL = YES;
				SWIFT_VERSION = 4.0;
			};
			name = Debug;
		};
		40BF49C61CC1CE3900BF6D82 /* Release */ = {
			isa = XCBuildConfiguration;
			buildSettings = {
				"CODE_SIGN_IDENTITY[sdk=iphoneos*]" = "";
				DEFINES_MODULE = YES;
				DYLIB_COMPATIBILITY_VERSION = 1;
				DYLIB_CURRENT_VERSION = 1;
				DYLIB_INSTALL_NAME_BASE = "@rpath";
				FRAMEWORK_SEARCH_PATHS = (
					"$(PLATFORM_DIR)/Developer/Library/Frameworks\n\n$(PLATFORM_DIR)/Developer/Library/Frameworks\n\n$(PLATFORM_DIR)/Developer/Library/Frameworks\n\n$(PLATFORM_DIR)/Developer/Library/Frameworks\n",
				);
				INFOPLIST_FILE = EMUtilsTestBase/Info.plist;
				INSTALL_PATH = "$(LOCAL_LIBRARY_DIR)/Frameworks";
				LD_RUNPATH_SEARCH_PATHS = "$(inherited) @executable_path/Frameworks @loader_path/Frameworks";
				PRODUCT_BUNDLE_IDENTIFIER = org.ewanmellor.EMUtilsTestBase;
				PRODUCT_NAME = EMUtilsTestBase;
				SKIP_INSTALL = YES;
				SWIFT_VERSION = 4.0;
			};
			name = Release;
		};
		40C9B9571E636B2700DC9ED8 /* Debug */ = {
			isa = XCBuildConfiguration;
			buildSettings = {
				CLANG_WARN_DOCUMENTATION_COMMENTS = YES;
				CODE_SIGN_IDENTITY = "-";
				COMBINE_HIDPI_IMAGES = YES;
				DEFINES_MODULE = YES;
				DEVELOPMENT_TEAM = 7MM34246C9;
				DYLIB_COMPATIBILITY_VERSION = 1;
				DYLIB_CURRENT_VERSION = 1;
				DYLIB_INSTALL_NAME_BASE = "@rpath";
				FRAMEWORK_VERSION = A;
				INFOPLIST_FILE = EMUtils.framework/Info.plist;
				INSTALL_PATH = "$(LOCAL_LIBRARY_DIR)/Frameworks";
				LD_RUNPATH_SEARCH_PATHS = "$(inherited) @executable_path/../Frameworks @loader_path/Frameworks";
				PRODUCT_BUNDLE_IDENTIFIER = org.ewanmellor.EMUtils;
				PRODUCT_NAME = EMUtils;
				SDKROOT = macosx;
				SKIP_INSTALL = YES;
				SWIFT_ACTIVE_COMPILATION_CONDITIONS = DEBUG;
				SWIFT_OBJC_BRIDGING_HEADER = "EMUtils/EMUtils-Bridging-Header.h";
				SWIFT_VERSION = 4.0;
			};
			name = Debug;
		};
		40C9B9581E636B2700DC9ED8 /* Release */ = {
			isa = XCBuildConfiguration;
			buildSettings = {
				CLANG_WARN_DOCUMENTATION_COMMENTS = YES;
				CODE_SIGN_IDENTITY = "-";
				COMBINE_HIDPI_IMAGES = YES;
				DEFINES_MODULE = YES;
				DEVELOPMENT_TEAM = 7MM34246C9;
				DYLIB_COMPATIBILITY_VERSION = 1;
				DYLIB_CURRENT_VERSION = 1;
				DYLIB_INSTALL_NAME_BASE = "@rpath";
				FRAMEWORK_VERSION = A;
				INFOPLIST_FILE = EMUtils.framework/Info.plist;
				INSTALL_PATH = "$(LOCAL_LIBRARY_DIR)/Frameworks";
				LD_RUNPATH_SEARCH_PATHS = "$(inherited) @executable_path/../Frameworks @loader_path/Frameworks";
				PRODUCT_BUNDLE_IDENTIFIER = org.ewanmellor.EMUtils;
				PRODUCT_NAME = EMUtils;
				SDKROOT = macosx;
				SKIP_INSTALL = YES;
				SWIFT_OBJC_BRIDGING_HEADER = "EMUtils/EMUtils-Bridging-Header.h";
				SWIFT_VERSION = 4.0;
			};
			name = Release;
		};
/* End XCBuildConfiguration section */

/* Begin XCConfigurationList section */
		4072CB281F8CA8C60008BE2B /* Build configuration list for PBXNativeTarget "EMUtilsTestBase macOS" */ = {
			isa = XCConfigurationList;
			buildConfigurations = (
				4072CB291F8CA8C60008BE2B /* Debug */,
				4072CB2A1F8CA8C60008BE2B /* Release */,
			);
			defaultConfigurationIsVisible = 0;
			defaultConfigurationName = Release;
		};
		40BF49761CC1C77800BF6D82 /* Build configuration list for PBXProject "EMUtils" */ = {
			isa = XCConfigurationList;
			buildConfigurations = (
				40BF498E1CC1C77900BF6D82 /* Debug */,
				40BF498F1CC1C77900BF6D82 /* Release */,
			);
			defaultConfigurationIsVisible = 0;
			defaultConfigurationName = Release;
		};
		40BF49901CC1C77900BF6D82 /* Build configuration list for PBXNativeTarget "EMUtils iOS" */ = {
			isa = XCConfigurationList;
			buildConfigurations = (
				40BF49911CC1C77900BF6D82 /* Debug */,
				40BF49921CC1C77900BF6D82 /* Release */,
			);
			defaultConfigurationIsVisible = 0;
			defaultConfigurationName = Release;
		};
		40BF49931CC1C77900BF6D82 /* Build configuration list for PBXNativeTarget "EMUtilsTests" */ = {
			isa = XCConfigurationList;
			buildConfigurations = (
				40BF49941CC1C77900BF6D82 /* Debug */,
				40BF49951CC1C77900BF6D82 /* Release */,
			);
			defaultConfigurationIsVisible = 0;
			defaultConfigurationName = Release;
		};
		40BF49C41CC1CE3900BF6D82 /* Build configuration list for PBXNativeTarget "EMUtilsTestBase iOS" */ = {
			isa = XCConfigurationList;
			buildConfigurations = (
				40BF49C51CC1CE3900BF6D82 /* Debug */,
				40BF49C61CC1CE3900BF6D82 /* Release */,
			);
			defaultConfigurationIsVisible = 0;
			defaultConfigurationName = Release;
		};
		40C9B9561E636B2700DC9ED8 /* Build configuration list for PBXNativeTarget "EMUtils macOS" */ = {
			isa = XCConfigurationList;
			buildConfigurations = (
				40C9B9571E636B2700DC9ED8 /* Debug */,
				40C9B9581E636B2700DC9ED8 /* Release */,
			);
			defaultConfigurationIsVisible = 0;
			defaultConfigurationName = Release;
		};
/* End XCConfigurationList section */
	};
	rootObject = 40BF49731CC1C77800BF6D82 /* Project object */;
}
